{
  "name": "mizan-uae-regulatory-intelligence",
  "lockfileVersion": 3,
  "requires": true,
  "packages": {
    "": {
      "name": "mizan-uae-regulatory-intelligence",
      "dependencies": {
        "flexsearch": "^0.8.212"
      }
    },
    "node_modules/flexsearch": {
      "version": "0.8.212",
      "resolved": "https://registry.npmjs.org/flexsearch/-/flexsearch-0.8.212.tgz",
      "integrity": "sha512-wSyJr1GUWoOOIISRu+X2IXiOcVfg9qqBRyCPRUdLMIGJqPzMo+jMRlvE83t14v1j0dRMEaBbER/adQjp6Du2pw==",
      "funding": [
        {
          "type": "github",
          "url": "https://github.com/ts-thomas"
        },
        {
          "type": "paypal",
          "url": "https://www.paypal.com/donate/?hosted_button_id=GEVR88FC9BWRW"
        },
        {
          "type": "opencollective",
          "url": "https://opencollective.com/flexsearch"
        },
        {
          "type": "patreon",
          "url": "https://patreon.com/user?u=96245532"
        },
        {
          "type": "liberapay",
          "url": "https://liberapay.com/ts-thomas"
        }
      ],
      "license": "Apache-2.0"
    }
  }
}
